// !$*UTF8*$!
{
	archiveVersion = 1;
	classes = {
	};
	objectVersion = 46;
	objects = {

/* Begin PBXBuildFile section */
		2C026CBE175DF2FB00F79955 /* IpEndpointName.cpp in Sources */ = {isa = PBXBuildFile; fileRef = 2C026CA3175DF2FA00F79955 /* IpEndpointName.cpp */; };
		2C026CBF175DF2FB00F79955 /* IpEndpointName.h in Headers */ = {isa = PBXBuildFile; fileRef = 2C026CA4175DF2FA00F79955 /* IpEndpointName.h */; };
		2C026CC0175DF2FB00F79955 /* NetworkingUtils.h in Headers */ = {isa = PBXBuildFile; fileRef = 2C026CA5175DF2FA00F79955 /* NetworkingUtils.h */; };
		2C026CC1175DF2FB00F79955 /* PacketListener.h in Headers */ = {isa = PBXBuildFile; fileRef = 2C026CA6175DF2FA00F79955 /* PacketListener.h */; };
		2C026CC2175DF2FB00F79955 /* NetworkingUtils.cpp in Sources */ = {isa = PBXBuildFile; fileRef = 2C026CA8175DF2FB00F79955 /* NetworkingUtils.cpp */; };
		2C026CC3175DF2FB00F79955 /* UdpSocket.cpp in Sources */ = {isa = PBXBuildFile; fileRef = 2C026CA9175DF2FB00F79955 /* UdpSocket.cpp */; };
		2C026CC4175DF2FB00F79955 /* TimerListener.h in Headers */ = {isa = PBXBuildFile; fileRef = 2C026CAA175DF2FB00F79955 /* TimerListener.h */; };
		2C026CC5175DF2FB00F79955 /* UdpSocket.h in Headers */ = {isa = PBXBuildFile; fileRef = 2C026CAB175DF2FB00F79955 /* UdpSocket.h */; };
		2C026CC8175DF2FB00F79955 /* MessageMappingOscPacketListener.h in Headers */ = {isa = PBXBuildFile; fileRef = 2C026CB0175DF2FB00F79955 /* MessageMappingOscPacketListener.h */; };
		2C026CC9175DF2FB00F79955 /* OscException.h in Headers */ = {isa = PBXBuildFile; fileRef = 2C026CB1175DF2FB00F79955 /* OscException.h */; };
		2C026CCA175DF2FB00F79955 /* OscHostEndianness.h in Headers */ = {isa = PBXBuildFile; fileRef = 2C026CB2175DF2FB00F79955 /* OscHostEndianness.h */; };
		2C026CCB175DF2FB00F79955 /* OscOutboundPacketStream.cpp in Sources */ = {isa = PBXBuildFile; fileRef = 2C026CB3175DF2FB00F79955 /* OscOutboundPacketStream.cpp */; };
		2C026CCC175DF2FB00F79955 /* OscOutboundPacketStream.h in Headers */ = {isa = PBXBuildFile; fileRef = 2C026CB4175DF2FB00F79955 /* OscOutboundPacketStream.h */; };
		2C026CCD175DF2FB00F79955 /* OscPacketListener.h in Headers */ = {isa = PBXBuildFile; fileRef = 2C026CB5175DF2FB00F79955 /* OscPacketListener.h */; };
		2C026CCE175DF2FB00F79955 /* OscPrintReceivedElements.cpp in Sources */ = {isa = PBXBuildFile; fileRef = 2C026CB6175DF2FB00F79955 /* OscPrintReceivedElements.cpp */; };
		2C026CCF175DF2FB00F79955 /* OscPrintReceivedElements.h in Headers */ = {isa = PBXBuildFile; fileRef = 2C026CB7175DF2FB00F79955 /* OscPrintReceivedElements.h */; };
		2C026CD0175DF2FB00F79955 /* OscReceivedElements.cpp in Sources */ = {isa = PBXBuildFile; fileRef = 2C026CB8175DF2FB00F79955 /* OscReceivedElements.cpp */; };
		2C026CD1175DF2FB00F79955 /* OscReceivedElements.h in Headers */ = {isa = PBXBuildFile; fileRef = 2C026CB9175DF2FB00F79955 /* OscReceivedElements.h */; };
		2C026CD2175DF2FB00F79955 /* OscTypes.cpp in Sources */ = {isa = PBXBuildFile; fileRef = 2C026CBA175DF2FB00F79955 /* OscTypes.cpp */; };
		2C026CD3175DF2FB00F79955 /* OscTypes.h in Headers */ = {isa = PBXBuildFile; fileRef = 2C026CBB175DF2FB00F79955 /* OscTypes.h */; };
		2C026CD4175DF2FB00F79955 /* OscCom.cpp in Sources */ = {isa = PBXBuildFile; fileRef = 2C026CBC175DF2FB00F79955 /* OscCom.cpp */; };
		2C026CD5175DF2FB00F79955 /* OscCom.h in Headers */ = {isa = PBXBuildFile; fileRef = 2C026CBD175DF2FB00F79955 /* OscCom.h */; };
		2C026CD7175DF3C100F79955 /* CicmTools.h in Headers */ = {isa = PBXBuildFile; fileRef = 2C026CD6175DF3C100F79955 /* CicmTools.h */; };
		2C6E3332171047C000BA3BDC /* maxmspsdk.xcconfig in Resources */ = {isa = PBXBuildFile; fileRef = 2C6E3331171047C000BA3BDC /* maxmspsdk.xcconfig */; };
		2C7269E917557B2900FF4C3C /* MbObject.cpp in Sources */ = {isa = PBXBuildFile; fileRef = 2C7269E717557B2900FF4C3C /* MbObject.cpp */; };
		2C7269EA17557B2900FF4C3C /* MbObject.h in Headers */ = {isa = PBXBuildFile; fileRef = 2C7269E817557B2900FF4C3C /* MbObject.h */; };
		2C7269ED17557E1700FF4C3C /* MbObjectManager.cpp in Sources */ = {isa = PBXBuildFile; fileRef = 2C7269EB17557E1700FF4C3C /* MbObjectManager.cpp */; };
		2C7269EE17557E1700FF4C3C /* MbObjectManager.h in Headers */ = {isa = PBXBuildFile; fileRef = 2C7269EC17557E1700FF4C3C /* MbObjectManager.h */; };
		2CC8F59D1754E57100D82E42 /* miragebox.cpp in Sources */ = {isa = PBXBuildFile; fileRef = 2CC8F59C1754E57100D82E42 /* miragebox.cpp */; };
		2CC8F59F1754E8FF00D82E42 /* MaxAudioAPI.framework in Frameworks */ = {isa = PBXBuildFile; fileRef = 2CC8F59E1754E8FF00D82E42 /* MaxAudioAPI.framework */; };
/* End PBXBuildFile section */

/* Begin PBXFileReference section */
		2C026CA3175DF2FA00F79955 /* IpEndpointName.cpp */ = {isa = PBXFileReference; fileEncoding = 4; lastKnownFileType = sourcecode.cpp.cpp; path = IpEndpointName.cpp; sourceTree = "<group>"; };
		2C026CA4175DF2FA00F79955 /* IpEndpointName.h */ = {isa = PBXFileReference; fileEncoding = 4; lastKnownFileType = sourcecode.c.h; path = IpEndpointName.h; sourceTree = "<group>"; };
		2C026CA5175DF2FA00F79955 /* NetworkingUtils.h */ = {isa = PBXFileReference; fileEncoding = 4; lastKnownFileType = sourcecode.c.h; path = NetworkingUtils.h; sourceTree = "<group>"; };
		2C026CA6175DF2FA00F79955 /* PacketListener.h */ = {isa = PBXFileReference; fileEncoding = 4; lastKnownFileType = sourcecode.c.h; path = PacketListener.h; sourceTree = "<group>"; };
		2C026CA8175DF2FB00F79955 /* NetworkingUtils.cpp */ = {isa = PBXFileReference; fileEncoding = 4; lastKnownFileType = sourcecode.cpp.cpp; path = NetworkingUtils.cpp; sourceTree = "<group>"; };
		2C026CA9175DF2FB00F79955 /* UdpSocket.cpp */ = {isa = PBXFileReference; fileEncoding = 4; lastKnownFileType = sourcecode.cpp.cpp; path = UdpSocket.cpp; sourceTree = "<group>"; };
		2C026CAA175DF2FB00F79955 /* TimerListener.h */ = {isa = PBXFileReference; fileEncoding = 4; lastKnownFileType = sourcecode.c.h; path = TimerListener.h; sourceTree = "<group>"; };
		2C026CAB175DF2FB00F79955 /* UdpSocket.h */ = {isa = PBXFileReference; fileEncoding = 4; lastKnownFileType = sourcecode.c.h; path = UdpSocket.h; sourceTree = "<group>"; };
		2C026CB0175DF2FB00F79955 /* MessageMappingOscPacketListener.h */ = {isa = PBXFileReference; fileEncoding = 4; lastKnownFileType = sourcecode.c.h; path = MessageMappingOscPacketListener.h; sourceTree = "<group>"; };
		2C026CB1175DF2FB00F79955 /* OscException.h */ = {isa = PBXFileReference; fileEncoding = 4; lastKnownFileType = sourcecode.c.h; path = OscException.h; sourceTree = "<group>"; };
		2C026CB2175DF2FB00F79955 /* OscHostEndianness.h */ = {isa = PBXFileReference; fileEncoding = 4; lastKnownFileType = sourcecode.c.h; path = OscHostEndianness.h; sourceTree = "<group>"; };
		2C026CB3175DF2FB00F79955 /* OscOutboundPacketStream.cpp */ = {isa = PBXFileReference; fileEncoding = 4; lastKnownFileType = sourcecode.cpp.cpp; path = OscOutboundPacketStream.cpp; sourceTree = "<group>"; };
		2C026CB4175DF2FB00F79955 /* OscOutboundPacketStream.h */ = {isa = PBXFileReference; fileEncoding = 4; lastKnownFileType = sourcecode.c.h; path = OscOutboundPacketStream.h; sourceTree = "<group>"; };
		2C026CB5175DF2FB00F79955 /* OscPacketListener.h */ = {isa = PBXFileReference; fileEncoding = 4; lastKnownFileType = sourcecode.c.h; path = OscPacketListener.h; sourceTree = "<group>"; };
		2C026CB6175DF2FB00F79955 /* OscPrintReceivedElements.cpp */ = {isa = PBXFileReference; fileEncoding = 4; lastKnownFileType = sourcecode.cpp.cpp; path = OscPrintReceivedElements.cpp; sourceTree = "<group>"; };
		2C026CB7175DF2FB00F79955 /* OscPrintReceivedElements.h */ = {isa = PBXFileReference; fileEncoding = 4; lastKnownFileType = sourcecode.c.h; path = OscPrintReceivedElements.h; sourceTree = "<group>"; };
		2C026CB8175DF2FB00F79955 /* OscReceivedElements.cpp */ = {isa = PBXFileReference; fileEncoding = 4; lastKnownFileType = sourcecode.cpp.cpp; path = OscReceivedElements.cpp; sourceTree = "<group>"; };
		2C026CB9175DF2FB00F79955 /* OscReceivedElements.h */ = {isa = PBXFileReference; fileEncoding = 4; lastKnownFileType = sourcecode.c.h; path = OscReceivedElements.h; sourceTree = "<group>"; };
		2C026CBA175DF2FB00F79955 /* OscTypes.cpp */ = {isa = PBXFileReference; fileEncoding = 4; lastKnownFileType = sourcecode.cpp.cpp; path = OscTypes.cpp; sourceTree = "<group>"; };
		2C026CBB175DF2FB00F79955 /* OscTypes.h */ = {isa = PBXFileReference; fileEncoding = 4; lastKnownFileType = sourcecode.c.h; path = OscTypes.h; sourceTree = "<group>"; };
		2C026CBC175DF2FB00F79955 /* OscCom.cpp */ = {isa = PBXFileReference; fileEncoding = 4; lastKnownFileType = sourcecode.cpp.cpp; name = OscCom.cpp; path = ../../sources/OscCom.cpp; sourceTree = "<group>"; };
		2C026CBD175DF2FB00F79955 /* OscCom.h */ = {isa = PBXFileReference; fileEncoding = 4; lastKnownFileType = sourcecode.c.h; name = OscCom.h; path = ../../sources/OscCom.h; sourceTree = "<group>"; };
		2C026CD6175DF3C100F79955 /* CicmTools.h */ = {isa = PBXFileReference; fileEncoding = 4; lastKnownFileType = sourcecode.c.h; name = CicmTools.h; path = ../../sources/CicmTools.h; sourceTree = "<group>"; };
		2C16162C175CE39900EF2CBC /* ProjectHeader.h */ = {isa = PBXFileReference; lastKnownFileType = sourcecode.c.h; path = ProjectHeader.h; sourceTree = "<group>"; };
		2C6E3331171047C000BA3BDC /* maxmspsdk.xcconfig */ = {isa = PBXFileReference; fileEncoding = 4; lastKnownFileType = text.xcconfig; name = maxmspsdk.xcconfig; path = ../maxmspsdk.xcconfig; sourceTree = "<group>"; };
		2C7269E717557B2900FF4C3C /* MbObject.cpp */ = {isa = PBXFileReference; fileEncoding = 4; lastKnownFileType = sourcecode.cpp.cpp; path = MbObject.cpp; sourceTree = "<group>"; };
		2C7269E817557B2900FF4C3C /* MbObject.h */ = {isa = PBXFileReference; fileEncoding = 4; lastKnownFileType = sourcecode.c.h; path = MbObject.h; sourceTree = "<group>"; };
		2C7269EB17557E1700FF4C3C /* MbObjectManager.cpp */ = {isa = PBXFileReference; fileEncoding = 4; lastKnownFileType = sourcecode.cpp.cpp; path = MbObjectManager.cpp; sourceTree = "<group>"; };
		2C7269EC17557E1700FF4C3C /* MbObjectManager.h */ = {isa = PBXFileReference; fileEncoding = 4; lastKnownFileType = sourcecode.c.h; path = MbObjectManager.h; sourceTree = "<group>"; };
		2CC8F59C1754E57100D82E42 /* miragebox.cpp */ = {isa = PBXFileReference; fileEncoding = 4; lastKnownFileType = sourcecode.cpp.cpp; path = miragebox.cpp; sourceTree = "<group>"; };
		2CC8F59E1754E8FF00D82E42 /* MaxAudioAPI.framework */ = {isa = PBXFileReference; lastKnownFileType = wrapper.framework; name = MaxAudioAPI.framework; path = "../../../../SDKs/MaxSDK-6.1.1/c74support/msp-includes/MaxAudioAPI.framework"; sourceTree = "<group>"; };
		2FBBEAE508F335360078DB84 /* miragebox.mxo */ = {isa = PBXFileReference; explicitFileType = wrapper.cfbundle; includeInIndex = 0; path = miragebox.mxo; sourceTree = BUILT_PRODUCTS_DIR; };
/* End PBXFileReference section */

/* Begin PBXFrameworksBuildPhase section */
		2FBBEADC08F335360078DB84 /* Frameworks */ = {
			isa = PBXFrameworksBuildPhase;
			buildActionMask = 2147483647;
			files = (
				2CC8F59F1754E8FF00D82E42 /* MaxAudioAPI.framework in Frameworks */,
			);
			runOnlyForDeploymentPostprocessing = 0;
		};
/* End PBXFrameworksBuildPhase section */

/* Begin PBXGroup section */
		089C166AFE841209C02AAC07 /* iterator */ = {
			isa = PBXGroup;
			children = (
				2C16162C175CE39900EF2CBC /* ProjectHeader.h */,
				2C026CD6175DF3C100F79955 /* CicmTools.h */,
				2C026CA2175DF2FA00F79955 /* ip */,
				2C026CAF175DF2FB00F79955 /* osc */,
				2C026CBC175DF2FB00F79955 /* OscCom.cpp */,
				2C026CBD175DF2FB00F79955 /* OscCom.h */,
				2CC8F59C1754E57100D82E42 /* miragebox.cpp */,
				2C7269E717557B2900FF4C3C /* MbObject.cpp */,
				2C7269E817557B2900FF4C3C /* MbObject.h */,
				2C7269EB17557E1700FF4C3C /* MbObjectManager.cpp */,
				2C7269EC17557E1700FF4C3C /* MbObjectManager.h */,
				2C6E3331171047C000BA3BDC /* maxmspsdk.xcconfig */,
				2CC8F59E1754E8FF00D82E42 /* MaxAudioAPI.framework */,
				19C28FB4FE9D528D11CA2CBB /* Products */,
			);
			name = iterator;
			sourceTree = "<group>";
		};
		19C28FB4FE9D528D11CA2CBB /* Products */ = {
			isa = PBXGroup;
			children = (
				2FBBEAE508F335360078DB84 /* miragebox.mxo */,
			);
			name = Products;
			sourceTree = "<group>";
		};
		2C026CA2175DF2FA00F79955 /* ip */ = {
			isa = PBXGroup;
			children = (
				2C026CA3175DF2FA00F79955 /* IpEndpointName.cpp */,
				2C026CA4175DF2FA00F79955 /* IpEndpointName.h */,
				2C026CA5175DF2FA00F79955 /* NetworkingUtils.h */,
				2C026CA6175DF2FA00F79955 /* PacketListener.h */,
				2C026CA7175DF2FB00F79955 /* posix */,
				2C026CAA175DF2FB00F79955 /* TimerListener.h */,
				2C026CAB175DF2FB00F79955 /* UdpSocket.h */,
			);
			name = ip;
			path = ../../sources/ip;
			sourceTree = "<group>";
		};
		2C026CA7175DF2FB00F79955 /* posix */ = {
			isa = PBXGroup;
			children = (
				2C026CA8175DF2FB00F79955 /* NetworkingUtils.cpp */,
				2C026CA9175DF2FB00F79955 /* UdpSocket.cpp */,
			);
			path = posix;
			sourceTree = "<group>";
		};
		2C026CAF175DF2FB00F79955 /* osc */ = {
			isa = PBXGroup;
			children = (
				2C026CB0175DF2FB00F79955 /* MessageMappingOscPacketListener.h */,
				2C026CB1175DF2FB00F79955 /* OscException.h */,
				2C026CB2175DF2FB00F79955 /* OscHostEndianness.h */,
				2C026CB3175DF2FB00F79955 /* OscOutboundPacketStream.cpp */,
				2C026CB4175DF2FB00F79955 /* OscOutboundPacketStream.h */,
				2C026CB5175DF2FB00F79955 /* OscPacketListener.h */,
				2C026CB6175DF2FB00F79955 /* OscPrintReceivedElements.cpp */,
				2C026CB7175DF2FB00F79955 /* OscPrintReceivedElements.h */,
				2C026CB8175DF2FB00F79955 /* OscReceivedElements.cpp */,
				2C026CB9175DF2FB00F79955 /* OscReceivedElements.h */,
				2C026CBA175DF2FB00F79955 /* OscTypes.cpp */,
				2C026CBB175DF2FB00F79955 /* OscTypes.h */,
			);
			name = osc;
			path = ../../sources/osc;
			sourceTree = "<group>";
		};
/* End PBXGroup section */

/* Begin PBXHeadersBuildPhase section */
		2FBBEAD708F335360078DB84 /* Headers */ = {
			isa = PBXHeadersBuildPhase;
			buildActionMask = 2147483647;
			files = (
				2C7269EA17557B2900FF4C3C /* MbObject.h in Headers */,
				2C7269EE17557E1700FF4C3C /* MbObjectManager.h in Headers */,
				2C026CBF175DF2FB00F79955 /* IpEndpointName.h in Headers */,
				2C026CC0175DF2FB00F79955 /* NetworkingUtils.h in Headers */,
				2C026CC1175DF2FB00F79955 /* PacketListener.h in Headers */,
				2C026CC4175DF2FB00F79955 /* TimerListener.h in Headers */,
				2C026CC5175DF2FB00F79955 /* UdpSocket.h in Headers */,
				2C026CC8175DF2FB00F79955 /* MessageMappingOscPacketListener.h in Headers */,
				2C026CC9175DF2FB00F79955 /* OscException.h in Headers */,
				2C026CCA175DF2FB00F79955 /* OscHostEndianness.h in Headers */,
				2C026CCC175DF2FB00F79955 /* OscOutboundPacketStream.h in Headers */,
				2C026CCD175DF2FB00F79955 /* OscPacketListener.h in Headers */,
				2C026CCF175DF2FB00F79955 /* OscPrintReceivedElements.h in Headers */,
				2C026CD1175DF2FB00F79955 /* OscReceivedElements.h in Headers */,
				2C026CD3175DF2FB00F79955 /* OscTypes.h in Headers */,
				2C026CD5175DF2FB00F79955 /* OscCom.h in Headers */,
				2C026CD7175DF3C100F79955 /* CicmTools.h in Headers */,
			);
			runOnlyForDeploymentPostprocessing = 0;
		};
/* End PBXHeadersBuildPhase section */

/* Begin PBXNativeTarget section */
		2FBBEAD608F335360078DB84 /* max-external */ = {
			isa = PBXNativeTarget;
			buildConfigurationList = 2FBBEAE008F335360078DB84 /* Build configuration list for PBXNativeTarget "max-external" */;
			buildPhases = (
				2FBBEAD708F335360078DB84 /* Headers */,
				2FBBEAD808F335360078DB84 /* Resources */,
				2FBBEADA08F335360078DB84 /* Sources */,
				2FBBEADC08F335360078DB84 /* Frameworks */,
				2FBBEADF08F335360078DB84 /* Rez */,
			);
			buildRules = (
			);
			dependencies = (
			);
			name = "max-external";
			productName = iterator;
			productReference = 2FBBEAE508F335360078DB84 /* miragebox.mxo */;
			productType = "com.apple.product-type.bundle";
		};
/* End PBXNativeTarget section */

/* Begin PBXProject section */
		089C1669FE841209C02AAC07 /* Project object */ = {
			isa = PBXProject;
			attributes = {
				LastUpgradeCheck = 0460;
			};
			buildConfigurationList = 2FBBEACF08F335010078DB84 /* Build configuration list for PBXProject "miragebox" */;
			compatibilityVersion = "Xcode 3.2";
			developmentRegion = English;
			hasScannedForEncodings = 1;
			knownRegions = (
				English,
				Japanese,
				French,
				German,
			);
			mainGroup = 089C166AFE841209C02AAC07 /* iterator */;
			projectDirPath = "";
			projectRoot = "";
			targets = (
				2FBBEAD608F335360078DB84 /* max-external */,
			);
		};
/* End PBXProject section */

/* Begin PBXResourcesBuildPhase section */
		2FBBEAD808F335360078DB84 /* Resources */ = {
			isa = PBXResourcesBuildPhase;
			buildActionMask = 2147483647;
			files = (
				2C6E3332171047C000BA3BDC /* maxmspsdk.xcconfig in Resources */,
			);
			runOnlyForDeploymentPostprocessing = 0;
		};
/* End PBXResourcesBuildPhase section */

/* Begin PBXRezBuildPhase section */
		2FBBEADF08F335360078DB84 /* Rez */ = {
			isa = PBXRezBuildPhase;
			buildActionMask = 2147483647;
			files = (
			);
			runOnlyForDeploymentPostprocessing = 0;
		};
/* End PBXRezBuildPhase section */

/* Begin PBXSourcesBuildPhase section */
		2FBBEADA08F335360078DB84 /* Sources */ = {
			isa = PBXSourcesBuildPhase;
			buildActionMask = 2147483647;
			files = (
				2CC8F59D1754E57100D82E42 /* miragebox.cpp in Sources */,
				2C7269E917557B2900FF4C3C /* MbObject.cpp in Sources */,
				2C7269ED17557E1700FF4C3C /* MbObjectManager.cpp in Sources */,
				2C026CBE175DF2FB00F79955 /* IpEndpointName.cpp in Sources */,
				2C026CC2175DF2FB00F79955 /* NetworkingUtils.cpp in Sources */,
				2C026CC3175DF2FB00F79955 /* UdpSocket.cpp in Sources */,
				2C026CCB175DF2FB00F79955 /* OscOutboundPacketStream.cpp in Sources */,
				2C026CCE175DF2FB00F79955 /* OscPrintReceivedElements.cpp in Sources */,
				2C026CD0175DF2FB00F79955 /* OscReceivedElements.cpp in Sources */,
				2C026CD2175DF2FB00F79955 /* OscTypes.cpp in Sources */,
				2C026CD4175DF2FB00F79955 /* OscCom.cpp in Sources */,
			);
			runOnlyForDeploymentPostprocessing = 0;
		};
/* End PBXSourcesBuildPhase section */

/* Begin XCBuildConfiguration section */
		2FBBEAD008F335010078DB84 /* Development */ = {
			isa = XCBuildConfiguration;
			buildSettings = {
				ARCHS = "$(ARCHS_STANDARD_32_64_BIT)";
				HEADER_SEARCH_PATHS = (
					/usr/local/include,
					/Developer/usr/include,
					/Developer/usr/local/boost_1_48_0,
				);
				LIBRARY_SEARCH_PATHS = (
					/usr/local/lib,
					Developer/usr/lib,
				);
				OTHER_LDFLAGS = (
					libgsl.a,
					"-static",
					"-lcblas",
					"-latlas",
					"-lm",
				);
				SDKROOT = macosx10.7;
				USER_HEADER_SEARCH_PATHS = /usr/local/include;
			};
			name = Development;
		};
		2FBBEAD108F335010078DB84 /* Deployment */ = {
			isa = XCBuildConfiguration;
			buildSettings = {
				ARCHS = "$(ARCHS_STANDARD_32_64_BIT)";
				HEADER_SEARCH_PATHS = (
					/usr/local/include,
					/Developer/usr/include,
					/Developer/usr/local/boost_1_48_0,
				);
				LIBRARY_SEARCH_PATHS = (
					/usr/local/lib,
					Developer/usr/lib,
				);
				OTHER_LDFLAGS = (
					libgsl.a,
					"-static",
					"-lcblas",
					"-latlas",
					"-lm",
				);
				SDKROOT = macosx10.7;
				USER_HEADER_SEARCH_PATHS = /usr/local/include;
			};
			name = Deployment;
		};
		2FBBEAE108F335360078DB84 /* Development */ = {
			isa = XCBuildConfiguration;
			baseConfigurationReference = 2C6E3331171047C000BA3BDC /* maxmspsdk.xcconfig */;
			buildSettings = {
				COMBINE_HIDPI_IMAGES = YES;
				COPY_PHASE_STRIP = NO;
				FRAMEWORK_SEARCH_PATHS = (
					"$(inherited)",
					"\"$(SRCROOT)/../../../../SDKs/MaxSDK-6.0.4/c74support/msp-includes\"",
					"\"$(SRCROOT)/../../../../SDKs/MaxSDK-6.0.4/c74support/max-includes\"",
					"\"$(SRCROOT)/../../../../SDKs/MaxSDK-6.1.1/c74support/msp-includes\"",
				);
				GCC_OPTIMIZATION_LEVEL = 0;
				GCC_VERSION = com.apple.compilers.llvm.clang.1_0;
				HEADER_SEARCH_PATHS = (
					"\"$(C74SUPPORT)/max-includes\"",
					"\"$(C74SUPPORT)/msp-includes\"",
					"\"$(C74SUPPORT)/jit-includes\"",
				);
				OTHER_LDFLAGS = (
					/usr/local/lib/libgsl.a,
					"-lcblas",
					"-latlas",
					"-lm",
					"\"$(C74_SYM_LINKER_FLAGS)\"",
				);
				PRODUCT_NAME = miragebox;
			};
			name = Development;
		};
		2FBBEAE208F335360078DB84 /* Deployment */ = {
			isa = XCBuildConfiguration;
			baseConfigurationReference = 2C6E3331171047C000BA3BDC /* maxmspsdk.xcconfig */;
			buildSettings = {
				COMBINE_HIDPI_IMAGES = YES;
				COPY_PHASE_STRIP = YES;
				FRAMEWORK_SEARCH_PATHS = (
					"$(inherited)",
					"\"$(SRCROOT)/../../../../SDKs/MaxSDK-6.0.4/c74support/msp-includes\"",
					"\"$(SRCROOT)/../../../../SDKs/MaxSDK-6.0.4/c74support/max-includes\"",
					"\"$(SRCROOT)/../../../../SDKs/MaxSDK-6.1.1/c74support/msp-includes\"",
				);
				GCC_VERSION = com.apple.compilers.llvm.clang.1_0;
				HEADER_SEARCH_PATHS = (
					"\"$(C74SUPPORT)/max-includes\"",
					"\"$(C74SUPPORT)/msp-includes\"",
					"\"$(C74SUPPORT)/jit-includes\"",
				);
				OTHER_LDFLAGS = (
					/usr/local/lib/libgsl.a,
					"-lcblas",
					"-latlas",
					"-lm",
					"\"$(C74_SYM_LINKER_FLAGS)\"",
				);
				PRODUCT_NAME = miragebox;
			};
			name = Deployment;
		};
/* End XCBuildConfiguration section */

/* Begin XCConfigurationList section */
		2FBBEACF08F335010078DB84 /* Build configuration list for PBXProject "miragebox" */ = {
			isa = XCConfigurationList;
			buildConfigurations = (
				2FBBEAD008F335010078DB84 /* Development */,
				2FBBEAD108F335010078DB84 /* Deployment */,
			);
			defaultConfigurationIsVisible = 0;
			defaultConfigurationName = Deployment;
		};
		2FBBEAE008F335360078DB84 /* Build configuration list for PBXNativeTarget "max-external" */ = {
			isa = XCConfigurationList;
			buildConfigurations = (
				2FBBEAE108F335360078DB84 /* Development */,
				2FBBEAE208F335360078DB84 /* Deployment */,
			);
			defaultConfigurationIsVisible = 0;
			defaultConfigurationName = Deployment;
		};
/* End XCConfigurationList section */
	};
	rootObject = 089C1669FE841209C02AAC07 /* Project object */;
}
